
Microsoft Visual Studio Solution File, Format Version 12.00
# Visual Studio Version 16
VisualStudioVersion = 16.0.29926.136
MinimumVisualStudioVersion = 10.0.40219.1
Project("{9A19103F-16F7-4668-BE54-9A1E7A4F7556}") = "QzBlazor", "QzBlazor\QzBlazor.csproj", "{CD6E1ED5-20A3-4D47-85EC-DE785A53EE90}"
EndProject
Project("{FAE04EC0-301F-11D3-BF4B-00C04F79EFBC}") = "QzBlazor.Sample.ServerSide", "QzBlazor.Sample.ServerSide\QzBlazor.Sample.ServerSide.csproj", "{3B2A43DC-4D42-4330-AA7A-9D5984FBE276}"
EndProject
Global
	GlobalSection(SolutionConfigurationPlatforms) = preSolution
		Debug|Any CPU = Debug|Any CPU
		Release|Any CPU = Release|Any CPU
	EndGlobalSection
	GlobalSection(ProjectConfigurationPlatforms) = postSolution
		{CD6E1ED5-20A3-4D47-85EC-DE785A53EE90}.Debug|Any CPU.ActiveCfg = Debug|Any CPU
		{CD6E1ED5-20A3-4D47-85EC-DE785A53EE90}.Debug|Any CPU.Build.0 = Debug|Any CPU
		{CD6E1ED5-20A3-4D47-85EC-DE785A53EE90}.Release|Any CPU.ActiveCfg = Release|Any CPU
		{CD6E1ED5-20A3-4D47-85EC-DE785A53EE90}.Release|Any CPU.Build.0 = Release|Any CPU
		{3B2A43DC-4D42-4330-AA7A-9D5984FBE276}.Debug|Any CPU.ActiveCfg = Debug|Any CPU
		{3B2A43DC-4D42-4330-AA7A-9D5984FBE276}.Debug|Any CPU.Build.0 = Debug|Any CPU
		{3B2A43DC-4D42-4330-AA7A-9D5984FBE276}.Release|Any CPU.ActiveCfg = Release|Any CPU
		{3B2A43DC-4D42-4330-AA7A-9D5984FBE276}.Release|Any CPU.Build.0 = Release|Any CPU
	EndGlobalSection
	GlobalSection(SolutionProperties) = preSolution
		HideSolutionNode = FALSE
	EndGlobalSection
	GlobalSection(ExtensibilityGlobals) = postSolution
		SolutionGuid = {E688FE96-1720-4AC3-A6BB-3B19AC121910}
	EndGlobalSection
EndGlobal
